
Microsoft Visual Studio Solution File, Format Version 12.00
# Visual Studio Version 16
VisualStudioVersion = 16.0.31025.194
MinimumVisualStudioVersion = 10.0.40219.1
Project("{9A19103F-16F7-4668-BE54-9A1E7A4F7556}") = "DataAccess", "DataAccess\DataAccess.csproj", "{1D3E8823-696B-47C5-8958-40D12F68F913}"
EndProject
Project("{9A19103F-16F7-4668-BE54-9A1E7A4F7556}") = "Entities", "Entities\Entities.csproj", "{9EEBEAA7-1D3A-4791-8774-1365775A41E2}"
EndProject
Project("{9A19103F-16F7-4668-BE54-9A1E7A4F7556}") = "Business", "Business\Business.csproj", "{B2079DBA-55A9-4424-9710-5AB71297EC40}"
EndProject
Project("{9A19103F-16F7-4668-BE54-9A1E7A4F7556}") = "ConsoleUI", "ConsoleUI\ConsoleUI.csproj", "{E30EF5E5-2945-4FAC-95B5-AE04E00F4896}"
EndProject
Project("{FAE04EC0-301F-11D3-BF4B-00C04F79EFBC}") = "Core", "Core\Core.csproj", "{4F236EB7-5751-458A-8D6B-3064A70BFD53}"
EndProject
Global
	GlobalSection(SolutionConfigurationPlatforms) = preSolution
		Debug|Any CPU = Debug|Any CPU
		Release|Any CPU = Release|Any CPU
	EndGlobalSection
	GlobalSection(ProjectConfigurationPlatforms) = postSolution
		{1D3E8823-696B-47C5-8958-40D12F68F913}.Debug|Any CPU.ActiveCfg = Debug|Any CPU
		{1D3E8823-696B-47C5-8958-40D12F68F913}.Debug|Any CPU.Build.0 = Debug|Any CPU
		{1D3E8823-696B-47C5-8958-40D12F68F913}.Release|Any CPU.ActiveCfg = Release|Any CPU
		{1D3E8823-696B-47C5-8958-40D12F68F913}.Release|Any CPU.Build.0 = Release|Any CPU
		{9EEBEAA7-1D3A-4791-8774-1365775A41E2}.Debug|Any CPU.ActiveCfg = Debug|Any CPU
		{9EEBEAA7-1D3A-4791-8774-1365775A41E2}.Debug|Any CPU.Build.0 = Debug|Any CPU
		{9EEBEAA7-1D3A-4791-8774-1365775A41E2}.Release|Any CPU.ActiveCfg = Release|Any CPU
		{9EEBEAA7-1D3A-4791-8774-1365775A41E2}.Release|Any CPU.Build.0 = Release|Any CPU
		{B2079DBA-55A9-4424-9710-5AB71297EC40}.Debug|Any CPU.ActiveCfg = Debug|Any CPU
		{B2079DBA-55A9-4424-9710-5AB71297EC40}.Debug|Any CPU.Build.0 = Debug|Any CPU
		{B2079DBA-55A9-4424-9710-5AB71297EC40}.Release|Any CPU.ActiveCfg = Release|Any CPU
		{B2079DBA-55A9-4424-9710-5AB71297EC40}.Release|Any CPU.Build.0 = Release|Any CPU
		{E30EF5E5-2945-4FAC-95B5-AE04E00F4896}.Debug|Any CPU.ActiveCfg = Debug|Any CPU
		{E30EF5E5-2945-4FAC-95B5-AE04E00F4896}.Debug|Any CPU.Build.0 = Debug|Any CPU
		{E30EF5E5-2945-4FAC-95B5-AE04E00F4896}.Release|Any CPU.ActiveCfg = Release|Any CPU
		{E30EF5E5-2945-4FAC-95B5-AE04E00F4896}.Release|Any CPU.Build.0 = Release|Any CPU
		{4F236EB7-5751-458A-8D6B-3064A70BFD53}.Debug|Any CPU.ActiveCfg = Debug|Any CPU
		{4F236EB7-5751-458A-8D6B-3064A70BFD53}.Debug|Any CPU.Build.0 = Debug|Any CPU
		{4F236EB7-5751-458A-8D6B-3064A70BFD53}.Release|Any CPU.ActiveCfg = Release|Any CPU
		{4F236EB7-5751-458A-8D6B-3064A70BFD53}.Release|Any CPU.Build.0 = Release|Any CPU
	EndGlobalSection
	GlobalSection(SolutionProperties) = preSolution
		HideSolutionNode = FALSE
	EndGlobalSection
	GlobalSection(ExtensibilityGlobals) = postSolution
		SolutionGuid = {33D9CC25-F8CE-4E79-9116-0409DF19EAE8}
	EndGlobalSection
EndGlobal
